
Microsoft Visual Studio Solution File, Format Version 12.00
# Visual Studio Version 16
VisualStudioVersion = 16.0.30225.117
MinimumVisualStudioVersion = 10.0.40219.1
Project("{FAE04EC0-301F-11D3-BF4B-00C04F79EFBC}") = "GraphQlProject", "GraphQlProject\GraphQlProject.csproj", "{4C9C05DC-B773-4952-A437-6AB53DCFB0DC}"
EndProject
Global
	GlobalSection(SolutionConfigurationPlatforms) = preSolution
		Debug|Any CPU = Debug|Any CPU
		Release|Any CPU = Release|Any CPU
	EndGlobalSection
	GlobalSection(ProjectConfigurationPlatforms) = postSolution
		{4C9C05DC-B773-4952-A437-6AB53DCFB0DC}.Debug|Any CPU.ActiveCfg = Debug|Any CPU
		{4C9C05DC-B773-4952-A437-6AB53DCFB0DC}.Debug|Any CPU.Build.0 = Debug|Any CPU
		{4C9C05DC-B773-4952-A437-6AB53DCFB0DC}.Release|Any CPU.ActiveCfg = Release|Any CPU
		{4C9C05DC-B773-4952-A437-6AB53DCFB0DC}.Release|Any CPU.Build.0 = Release|Any CPU
	EndGlobalSection
	GlobalSection(SolutionProperties) = preSolution
		HideSolutionNode = FALSE
	EndGlobalSection
	GlobalSection(ExtensibilityGlobals) = postSolution
		SolutionGuid = {DFDF4645-734D-42C2-857C-44A43664850E}
	EndGlobalSection
EndGlobal
